{
  "name": "jsonapiorg",
  "lockfileVersion": 3,
  "requires": true,
  "packages": {
    "": {
      "dependencies": {
        "jsonapi-ts-deserializer": "^1.1.1"
      }
    },
    "node_modules/jsonapi-ts-deserializer": {
      "version": "1.1.1",
      "resolved": "https://registry.npmjs.org/jsonapi-ts-deserializer/-/jsonapi-ts-deserializer-1.1.1.tgz",
      "integrity": "sha512-BQrdoBJhi4X6AlF0AHWpBP4HPWv5UggItx4IybaKMJwbeawepgf0CqWh+IPGIhbTi2SrGDfHX9WGZO1+4bkgfA=="
    }
  }
}
