{
  "name": "filesystem",
  "lockfileVersion": 3,
  "requires": true,
  "packages": {
    "": {
      "dependencies": {
        "jsonapi-ts-deserializer": "^2.0.0"
      }
    },
    "node_modules/jsonapi-ts-deserializer": {
      "version": "2.0.0",
      "resolved": "https://registry.npmjs.org/jsonapi-ts-deserializer/-/jsonapi-ts-deserializer-2.0.0.tgz",
      "integrity": "sha512-sR06AQRKkrgMGSJ/LEbDTx+bsK2suUKuvOKUFKy6HuEmukcoXhfNdGXg+w3APnCwk9BW/ErDP3r4DroxlzM0FQ=="
    }
  }
}
