{
  "name": "filesystem",
  "lockfileVersion": 3,
  "requires": true,
  "packages": {
    "": {
      "dependencies": {
        "jsonapi-ts-deserializer": "^1.1.2"
      }
    },
    "node_modules/jsonapi-ts-deserializer": {
      "version": "1.1.2",
      "resolved": "https://registry.npmjs.org/jsonapi-ts-deserializer/-/jsonapi-ts-deserializer-1.1.2.tgz",
      "integrity": "sha512-WPmB4NtrvZ2pUuxkJmZsu66GQIgUz1bB17VR/RfESuKVc53hRQbW+hOvrtBiMqh9vrLlIei2VvheBNtUplPg7g=="
    }
  }
}
